PODS:
  - TencentOpenApiSDK (2.9.5):
    - TencentOpenApiSDK/Basic (= 2.9.5)
  - TencentOpenApiSDK/Basic (2.9.5)
  - WechatOpenSDK (1.8.7.1)
  - Weibo_SDK (3.3.0)

DEPENDENCIES:
  - TencentOpenApiSDK
  - WechatOpenSDK
  - Weibo_SDK (from `https://github.com/sinaweibosdk/weibo_ios_sdk.git`)

SPEC REPOS:
  trunk:
    - TencentOpenApiSDK
    - WechatOpenSDK

EXTERNAL SOURCES:
  Weibo_SDK:
    :git: https://github.com/sinaweibosdk/weibo_ios_sdk.git

CHECKOUT OPTIONS:
  Weibo_SDK:
    :commit: acd1f69f62edefe499aa75540fcad2eefcb57c57
    :git: https://github.com/sinaweibosdk/weibo_ios_sdk.git

SPEC CHECKSUMS:
  TencentOpenApiSDK: a0d7716edd6eb438d65828168e8e5137301b436d
  WechatOpenSDK: 6a4d1436c15b3b5fe2a0bd383f3046010186da44
  Weibo_SDK: 7478846cccb43c4785ba76b214115fb7ec9dc0d4

PODFILE CHECKSUM: e5517ec84dfcfe955cfae4558aa98be1384bd219

COCOAPODS: 1.9.3
