PODS:
  - TencentOpenAPI (3.3.9)
  - WechatOpenSDK (1.8.7.1)
  - Weibo_SDK (3.3.0)

DEPENDENCIES:
  - TencentOpenAPI (from `https://github.com/Openmingyuers/TencentOpenAPI.git`)
  - WechatOpenSDK
  - Weibo_SDK (from `https://github.com/sinaweibosdk/weibo_ios_sdk.git`)

SPEC REPOS:
  trunk:
    - WechatOpenSDK

EXTERNAL SOURCES:
  TencentOpenAPI:
    :git: https://github.com/Openmingyuers/TencentOpenAPI.git
  Weibo_SDK:
    :git: https://github.com/sinaweibosdk/weibo_ios_sdk.git

CHECKOUT OPTIONS:
  TencentOpenAPI:
    :commit: f4f93971a5dd1f4aa5a8de181235ee81acd82474
    :git: https://github.com/Openmingyuers/TencentOpenAPI.git
  Weibo_SDK:
    :commit: acd1f69f62edefe499aa75540fcad2eefcb57c57
    :git: https://github.com/sinaweibosdk/weibo_ios_sdk.git

SPEC CHECKSUMS:
  TencentOpenAPI: fc140853cdaa717caa3fdf0cae7e0b8c8d4c65ab
  WechatOpenSDK: 6a4d1436c15b3b5fe2a0bd383f3046010186da44
  Weibo_SDK: 7478846cccb43c4785ba76b214115fb7ec9dc0d4

PODFILE CHECKSUM: 4511d8141471f7bbc8cae4481ac89fc95023c889

COCOAPODS: 1.9.3
